
Microsoft Visual Studio Solution File, Format Version 12.00
# Visual Studio Version 17
VisualStudioVersion = 17.6.33829.357
MinimumVisualStudioVersion = 10.0.40219.1
Project("{FAE04EC0-301F-11D3-BF4B-00C04F79EFBC}") = "etb", "etb.csproj", "{33F7A827-5C01-41D2-8E2E-E4C3FF2C7FDC}"
EndProject
Global
	GlobalSection(SolutionConfigurationPlatforms) = preSolution
		Debug|Any CPU = Debug|Any CPU
		Release|Any CPU = Release|Any CPU
	EndGlobalSection
	GlobalSection(ProjectConfigurationPlatforms) = postSolution
		{33F7A827-5C01-41D2-8E2E-E4C3FF2C7FDC}.Debug|Any CPU.ActiveCfg = Debug|Any CPU
		{33F7A827-5C01-41D2-8E2E-E4C3FF2C7FDC}.Debug|Any CPU.Build.0 = Debug|Any CPU
		{33F7A827-5C01-41D2-8E2E-E4C3FF2C7FDC}.Release|Any CPU.ActiveCfg = Release|Any CPU
		{33F7A827-5C01-41D2-8E2E-E4C3FF2C7FDC}.Release|Any CPU.Build.0 = Release|Any CPU
	EndGlobalSection
	GlobalSection(SolutionProperties) = preSolution
		HideSolutionNode = FALSE
	EndGlobalSection
	GlobalSection(ExtensibilityGlobals) = postSolution
		SolutionGuid = {AA72058B-9DE3-4897-A2E7-589C5F68584C}
	EndGlobalSection
EndGlobal
